// !$*UTF8*$!
{
	archiveVersion = 1;
	classes = {
	};
	objectVersion = 77;
	objects = {

/* Begin PBXBuildFile section */
		2A9245A72E758871007C3B97 /* AIClassificationApp.swift in Sources */ = {isa = PBXBuildFile; fileRef = 2A9245A32E758871007C3B97 /* AIClassificationApp.swift */; };
		2A9245A92E758871007C3B97 /* Assets.xcassets in Resources */ = {isa = PBXBuildFile; fileRef = 2A9245A42E758871007C3B97 /* Assets.xcassets */; };
		2A9245B12E758872007C3B97 /* AIClassificationTests.swift in Sources */ = {isa = PBXBuildFile; fileRef = 2A9245AF2E758872007C3B97 /* AIClassificationTests.swift */; };
		2A9245B32E7588C7007C3B97 /* MobileNetV2.mlmodel in Sources */ = {isa = PBXBuildFile; fileRef = 2A9245B22E7588C7007C3B97 /* MobileNetV2.mlmodel */; };
		2A9245B62E7588FF007C3B97 /* ImageClassifier.swift in Sources */ = {isa = PBXBuildFile; fileRef = 2A9245B52E7588FF007C3B97 /* ImageClassifier.swift */; };
		2A9245B82E758AD8007C3B97 /* ImagePicker.swift in Sources */ = {isa = PBXBuildFile; fileRef = 2A9245B72E758AD8007C3B97 /* ImagePicker.swift */; };
		2A9245BB2E758E69007C3B97 /* ClassificationResult.swift in Sources */ = {isa = PBXBuildFile; fileRef = 2A9245BA2E758E69007C3B97 /* ClassificationResult.swift */; };
		2AB973F32E76DED000D08FC2 /* DeepLabV3.mlmodel in Sources */ = {isa = PBXBuildFile; fileRef = 2AB973F22E76DED000D08FC2 /* DeepLabV3.mlmodel */; };
		2AB973F92E76DEE700D08FC2 /* HistoryView.swift in Sources */ = {isa = PBXBuildFile; fileRef = 2AB973F52E76DEE700D08FC2 /* HistoryView.swift */; };
		2AB973FA2E76DEE700D08FC2 /* ImageClassificationView.swift in Sources */ = {isa = PBXBuildFile; fileRef = 2AB973F62E76DEE700D08FC2 /* ImageClassificationView.swift */; };
		2AB973FB2E76DEE700D08FC2 /* WelcomeView.swift in Sources */ = {isa = PBXBuildFile; fileRef = 2AB973F72E76DEE700D08FC2 /* WelcomeView.swift */; };
		2AB974022E76DF9200D08FC2 /* ImageSegmentationView.swift in Sources */ = {isa = PBXBuildFile; fileRef = 2AB974012E76DF9200D08FC2 /* ImageSegmentationView.swift */; };
		2AB974042E76DFDD00D08FC2 /* ImageSegmentationViewModel.swift in Sources */ = {isa = PBXBuildFile; fileRef = 2AB974032E76DFDD00D08FC2 /* ImageSegmentationViewModel.swift */; };
		2AB9740A2E76E11500D08FC2 /* GradientPoint.swift in Sources */ = {isa = PBXBuildFile; fileRef = 2AB974092E76E11500D08FC2 /* GradientPoint.swift */; };
		2AB9741D2E76E23800D08FC2 /* NonMaxSuppression.swift in Sources */ = {isa = PBXBuildFile; fileRef = 2AB974172E76E23800D08FC2 /* NonMaxSuppression.swift */; };
		2AB9741E2E76E23800D08FC2 /* MLMultiArray+Helpers.swift in Sources */ = {isa = PBXBuildFile; fileRef = 2AB974152E76E23800D08FC2 /* MLMultiArray+Helpers.swift */; };
		2AB9741F2E76E23800D08FC2 /* MLModel+Images.swift in Sources */ = {isa = PBXBuildFile; fileRef = 2AB974142E76E23800D08FC2 /* MLModel+Images.swift */; };
		2AB974202E76E23800D08FC2 /* CVPixelBuffer+Resize.swift in Sources */ = {isa = PBXBuildFile; fileRef = 2AB974112E76E23800D08FC2 /* CVPixelBuffer+Resize.swift */; };
		2AB974212E76E23800D08FC2 /* Predictions.swift in Sources */ = {isa = PBXBuildFile; fileRef = 2AB974182E76E23800D08FC2 /* Predictions.swift */; };
		2AB974222E76E23800D08FC2 /* CoreML+Combine.swift in Sources */ = {isa = PBXBuildFile; fileRef = 2AB9740F2E76E23800D08FC2 /* CoreML+Combine.swift */; };
		2AB974232E76E23800D08FC2 /* CVPixelBuffer+Rotate.swift in Sources */ = {isa = PBXBuildFile; fileRef = 2AB974122E76E23800D08FC2 /* CVPixelBuffer+Rotate.swift */; };
		2AB974242E76E23800D08FC2 /* MLMultiArray+Image.swift in Sources */ = {isa = PBXBuildFile; fileRef = 2AB974162E76E23800D08FC2 /* MLMultiArray+Image.swift */; };
		2AB974252E76E23800D08FC2 /* UIImage+RawBytes.swift in Sources */ = {isa = PBXBuildFile; fileRef = 2AB9741B2E76E23800D08FC2 /* UIImage+RawBytes.swift */; };
		2AB974262E76E23800D08FC2 /* UIImage+CVPixelBuffer.swift in Sources */ = {isa = PBXBuildFile; fileRef = 2AB974192E76E23800D08FC2 /* UIImage+CVPixelBuffer.swift */; };
		2AB974272E76E23800D08FC2 /* UIImage+Extensions.swift in Sources */ = {isa = PBXBuildFile; fileRef = 2AB9741A2E76E23800D08FC2 /* UIImage+Extensions.swift */; };
		2AB974282E76E23800D08FC2 /* CGImage+RawBytes.swift in Sources */ = {isa = PBXBuildFile; fileRef = 2AB9740D2E76E23800D08FC2 /* CGImage+RawBytes.swift */; };
		2AB974292E76E23800D08FC2 /* CVPixelBuffer+Create.swift in Sources */ = {isa = PBXBuildFile; fileRef = 2AB974102E76E23800D08FC2 /* CVPixelBuffer+Create.swift */; };
		2AB9742A2E76E23800D08FC2 /* Array+Extensions.swift in Sources */ = {isa = PBXBuildFile; fileRef = 2AB9740B2E76E23800D08FC2 /* Array+Extensions.swift */; };
		2AB9742B2E76E23800D08FC2 /* CGImagePropertyOrientation.swift in Sources */ = {isa = PBXBuildFile; fileRef = 2AB9740E2E76E23800D08FC2 /* CGImagePropertyOrientation.swift */; };
		2AB9742C2E76E23800D08FC2 /* Math.swift in Sources */ = {isa = PBXBuildFile; fileRef = 2AB974132E76E23800D08FC2 /* Math.swift */; };
		2AB9742D2E76E23800D08FC2 /* CGImage+CVPixelBuffer.swift in Sources */ = {isa = PBXBuildFile; fileRef = 2AB9740C2E76E23800D08FC2 /* CGImage+CVPixelBuffer.swift */; };
/* End PBXBuildFile section */

/* Begin PBXContainerItemProxy section */
		2A9245872E758860007C3B97 /* PBXContainerItemProxy */ = {
			isa = PBXContainerItemProxy;
			containerPortal = 2A9245712E75885A007C3B97 /* Project object */;
			proxyType = 1;
			remoteGlobalIDString = 2A9245782E75885A007C3B97;
			remoteInfo = AIClassification;
		};
/* End PBXContainerItemProxy section */

/* Begin PBXFileReference section */
		256A555D2E9F3E26008F7275 /* Appfile */ = {isa = PBXFileReference; lastKnownFileType = text; path = Appfile; sourceTree = "<group>"; };
		256A555E2E9F3E26008F7275 /* Fastfile */ = {isa = PBXFileReference; lastKnownFileType = text; path = Fastfile; sourceTree = "<group>"; };
		2A9245792E75885A007C3B97 /* AIClassification.app */ = {isa = PBXFileReference; explicitFileType = wrapper.application; includeInIndex = 0; path = AIClassification.app; sourceTree = BUILT_PRODUCTS_DIR; };
		2A9245862E758860007C3B97 /* AIClassificationTests.xctest */ = {isa = PBXFileReference; explicitFileType = wrapper.cfbundle; includeInIndex = 0; path = AIClassificationTests.xctest; sourceTree = BUILT_PRODUCTS_DIR; };
		2A9245A32E758871007C3B97 /* AIClassificationApp.swift */ = {isa = PBXFileReference; lastKnownFileType = sourcecode.swift; path = AIClassificationApp.swift; sourceTree = "<group>"; };
		2A9245A42E758871007C3B97 /* Assets.xcassets */ = {isa = PBXFileReference; lastKnownFileType = folder.assetcatalog; path = Assets.xcassets; sourceTree = "<group>"; };
		2A9245AF2E758872007C3B97 /* AIClassificationTests.swift */ = {isa = PBXFileReference; lastKnownFileType = sourcecode.swift; path = AIClassificationTests.swift; sourceTree = "<group>"; };
		2A9245B22E7588C7007C3B97 /* MobileNetV2.mlmodel */ = {isa = PBXFileReference; lastKnownFileType = file.mlmodel; path = MobileNetV2.mlmodel; sourceTree = "<group>"; };
		2A9245B52E7588FF007C3B97 /* ImageClassifier.swift */ = {isa = PBXFileReference; lastKnownFileType = sourcecode.swift; path = ImageClassifier.swift; sourceTree = "<group>"; };
		2A9245B72E758AD8007C3B97 /* ImagePicker.swift */ = {isa = PBXFileReference; lastKnownFileType = sourcecode.swift; path = ImagePicker.swift; sourceTree = "<group>"; };
		2A9245BA2E758E69007C3B97 /* ClassificationResult.swift */ = {isa = PBXFileReference; lastKnownFileType = sourcecode.swift; path = ClassificationResult.swift; sourceTree = "<group>"; };
		2AB973F22E76DED000D08FC2 /* DeepLabV3.mlmodel */ = {isa = PBXFileReference; lastKnownFileType = file.mlmodel; path = DeepLabV3.mlmodel; sourceTree = "<group>"; };
		2AB973F52E76DEE700D08FC2 /* HistoryView.swift */ = {isa = PBXFileReference; lastKnownFileType = sourcecode.swift; path = HistoryView.swift; sourceTree = "<group>"; };
		2AB973F62E76DEE700D08FC2 /* ImageClassificationView.swift */ = {isa = PBXFileReference; lastKnownFileType = sourcecode.swift; path = ImageClassificationView.swift; sourceTree = "<group>"; };
		2AB973F72E76DEE700D08FC2 /* WelcomeView.swift */ = {isa = PBXFileReference; lastKnownFileType = sourcecode.swift; path = WelcomeView.swift; sourceTree = "<group>"; };
		2AB974012E76DF9200D08FC2 /* ImageSegmentationView.swift */ = {isa = PBXFileReference; lastKnownFileType = sourcecode.swift; path = ImageSegmentationView.swift; sourceTree = "<group>"; };
		2AB974032E76DFDD00D08FC2 /* ImageSegmentationViewModel.swift */ = {isa = PBXFileReference; lastKnownFileType = sourcecode.swift; path = ImageSegmentationViewModel.swift; sourceTree = "<group>"; };
		2AB974092E76E11500D08FC2 /* GradientPoint.swift */ = {isa = PBXFileReference; lastKnownFileType = sourcecode.swift; path = GradientPoint.swift; sourceTree = "<group>"; };
		2AB9740B2E76E23800D08FC2 /* Array+Extensions.swift */ = {isa = PBXFileReference; lastKnownFileType = sourcecode.swift; path = "Array+Extensions.swift"; sourceTree = "<group>"; };
		2AB9740C2E76E23800D08FC2 /* CGImage+CVPixelBuffer.swift */ = {isa = PBXFileReference; lastKnownFileType = sourcecode.swift; path = "CGImage+CVPixelBuffer.swift"; sourceTree = "<group>"; };
		2AB9740D2E76E23800D08FC2 /* CGImage+RawBytes.swift */ = {isa = PBXFileReference; lastKnownFileType = sourcecode.swift; path = "CGImage+RawBytes.swift"; sourceTree = "<group>"; };
		2AB9740E2E76E23800D08FC2 /* CGImagePropertyOrientation.swift */ = {isa = PBXFileReference; lastKnownFileType = sourcecode.swift; path = CGImagePropertyOrientation.swift; sourceTree = "<group>"; };
		2AB9740F2E76E23800D08FC2 /* CoreML+Combine.swift */ = {isa = PBXFileReference; lastKnownFileType = sourcecode.swift; path = "CoreML+Combine.swift"; sourceTree = "<group>"; };
		2AB974102E76E23800D08FC2 /* CVPixelBuffer+Create.swift */ = {isa = PBXFileReference; lastKnownFileType = sourcecode.swift; path = "CVPixelBuffer+Create.swift"; sourceTree = "<group>"; };
		2AB974112E76E23800D08FC2 /* CVPixelBuffer+Resize.swift */ = {isa = PBXFileReference; lastKnownFileType = sourcecode.swift; path = "CVPixelBuffer+Resize.swift"; sourceTree = "<group>"; };
		2AB974122E76E23800D08FC2 /* CVPixelBuffer+Rotate.swift */ = {isa = PBXFileReference; lastKnownFileType = sourcecode.swift; path = "CVPixelBuffer+Rotate.swift"; sourceTree = "<group>"; };
		2AB974132E76E23800D08FC2 /* Math.swift */ = {isa = PBXFileReference; lastKnownFileType = sourcecode.swift; path = Math.swift; sourceTree = "<group>"; };
		2AB974142E76E23800D08FC2 /* MLModel+Images.swift */ = {isa = PBXFileReference; lastKnownFileType = sourcecode.swift; path = "MLModel+Images.swift"; sourceTree = "<group>"; };
		2AB974152E76E23800D08FC2 /* MLMultiArray+Helpers.swift */ = {isa = PBXFileReference; lastKnownFileType = sourcecode.swift; path = "MLMultiArray+Helpers.swift"; sourceTree = "<group>"; };
		2AB974162E76E23800D08FC2 /* MLMultiArray+Image.swift */ = {isa = PBXFileReference; lastKnownFileType = sourcecode.swift; path = "MLMultiArray+Image.swift"; sourceTree = "<group>"; };
		2AB974172E76E23800D08FC2 /* NonMaxSuppression.swift */ = {isa = PBXFileReference; lastKnownFileType = sourcecode.swift; path = NonMaxSuppression.swift; sourceTree = "<group>"; };
		2AB974182E76E23800D08FC2 /* Predictions.swift */ = {isa = PBXFileReference; lastKnownFileType = sourcecode.swift; path = Predictions.swift; sourceTree = "<group>"; };
		2AB974192E76E23800D08FC2 /* UIImage+CVPixelBuffer.swift */ = {isa = PBXFileReference; lastKnownFileType = sourcecode.swift; path = "UIImage+CVPixelBuffer.swift"; sourceTree = "<group>"; };
		2AB9741A2E76E23800D08FC2 /* UIImage+Extensions.swift */ = {isa = PBXFileReference; lastKnownFileType = sourcecode.swift; path = "UIImage+Extensions.swift"; sourceTree = "<group>"; };
		2AB9741B2E76E23800D08FC2 /* UIImage+RawBytes.swift */ = {isa = PBXFileReference; lastKnownFileType = sourcecode.swift; path = "UIImage+RawBytes.swift"; sourceTree = "<group>"; };
/* End PBXFileReference section */

/* Begin PBXFrameworksBuildPhase section */
		2A9245762E75885A007C3B97 /* Frameworks */ = {
			isa = PBXFrameworksBuildPhase;
			buildActionMask = 2147483647;
			files = (
			);
			runOnlyForDeploymentPostprocessing = 0;
		};
		2A9245832E758860007C3B97 /* Frameworks */ = {
			isa = PBXFrameworksBuildPhase;
			buildActionMask = 2147483647;
			files = (
			);
			runOnlyForDeploymentPostprocessing = 0;
		};
/* End PBXFrameworksBuildPhase section */

/* Begin PBXGroup section */
		256A555F2E9F3E26008F7275 /* fastlane */ = {
			isa = PBXGroup;
			children = (
				256A555D2E9F3E26008F7275 /* Appfile */,
				256A555E2E9F3E26008F7275 /* Fastfile */,
			);
			path = fastlane;
			sourceTree = "<group>";
		};
		2A9245702E75885A007C3B97 = {
			isa = PBXGroup;
			children = (
				256A555F2E9F3E26008F7275 /* fastlane */,
				2A9245A62E758871007C3B97 /* AIClassification */,
				2A9245B02E758872007C3B97 /* AIClassificationTests */,
				2A92457A2E75885A007C3B97 /* Products */,
			);
			sourceTree = "<group>";
		};
		2A92457A2E75885A007C3B97 /* Products */ = {
			isa = PBXGroup;
			children = (
				2A9245792E75885A007C3B97 /* AIClassification.app */,
				2A9245862E758860007C3B97 /* AIClassificationTests.xctest */,
			);
			name = Products;
			sourceTree = "<group>";
		};
		2A9245A62E758871007C3B97 /* AIClassification */ = {
			isa = PBXGroup;
			children = (
				2AB9741C2E76E23800D08FC2 /* CoreMLHelpers */,
				2AB973FC2E76DEEB00D08FC2 /* App */,
				2A9245B92E758B23007C3B97 /* MLModel */,
				2AB973F12E76DEC200D08FC2 /* Entity */,
				2A9245BC2E758ECE007C3B97 /* Extensions */,
				2A9245B42E7588EF007C3B97 /* Helper */,
				2AB973F82E76DEE700D08FC2 /* Scene */,
				2AB973FD2E76DEFF00D08FC2 /* Resources */,
			);
			path = AIClassification;
			sourceTree = "<group>";
		};
		2A9245B02E758872007C3B97 /* AIClassificationTests */ = {
			isa = PBXGroup;
			children = (
				2A9245AF2E758872007C3B97 /* AIClassificationTests.swift */,
			);
			path = AIClassificationTests;
			sourceTree = "<group>";
		};
		2A9245B42E7588EF007C3B97 /* Helper */ = {
			isa = PBXGroup;
			children = (
				2A9245B52E7588FF007C3B97 /* ImageClassifier.swift */,
				2A9245B72E758AD8007C3B97 /* ImagePicker.swift */,
			);
			path = Helper;
			sourceTree = "<group>";
		};
		2A9245B92E758B23007C3B97 /* MLModel */ = {
			isa = PBXGroup;
			children = (
				2A9245B22E7588C7007C3B97 /* MobileNetV2.mlmodel */,
				2AB973F22E76DED000D08FC2 /* DeepLabV3.mlmodel */,
			);
			path = MLModel;
			sourceTree = "<group>";
		};
		2A9245BC2E758ECE007C3B97 /* Extensions */ = {
			isa = PBXGroup;
			children = (
			);
			path = Extensions;
			sourceTree = "<group>";
		};
		2AB973F12E76DEC200D08FC2 /* Entity */ = {
			isa = PBXGroup;
			children = (
				2A9245BA2E758E69007C3B97 /* ClassificationResult.swift */,
				2AB974092E76E11500D08FC2 /* GradientPoint.swift */,
			);
			path = Entity;
			sourceTree = "<group>";
		};
		2AB973F82E76DEE700D08FC2 /* Scene */ = {
			isa = PBXGroup;
			children = (
				2AB974002E76DF5E00D08FC2 /* ImageSegmentation */,
				2AB973FE2E76DF1F00D08FC2 /* ImageClassification */,
				2AB973FF2E76DF2F00D08FC2 /* Entry */,
			);
			path = Scene;
			sourceTree = "<group>";
		};
		2AB973FC2E76DEEB00D08FC2 /* App */ = {
			isa = PBXGroup;
			children = (
				2A9245A32E758871007C3B97 /* AIClassificationApp.swift */,
			);
			path = App;
			sourceTree = "<group>";
		};
		2AB973FD2E76DEFF00D08FC2 /* Resources */ = {
			isa = PBXGroup;
			children = (
				2A9245A42E758871007C3B97 /* Assets.xcassets */,
			);
			path = Resources;
			sourceTree = "<group>";
		};
		2AB973FE2E76DF1F00D08FC2 /* ImageClassification */ = {
			isa = PBXGroup;
			children = (
				2AB973F52E76DEE700D08FC2 /* HistoryView.swift */,
				2AB973F62E76DEE700D08FC2 /* ImageClassificationView.swift */,
			);
			path = ImageClassification;
			sourceTree = "<group>";
		};
		2AB973FF2E76DF2F00D08FC2 /* Entry */ = {
			isa = PBXGroup;
			children = (
				2AB973F72E76DEE700D08FC2 /* WelcomeView.swift */,
			);
			path = Entry;
			sourceTree = "<group>";
		};
		2AB974002E76DF5E00D08FC2 /* ImageSegmentation */ = {
			isa = PBXGroup;
			children = (
				2AB974012E76DF9200D08FC2 /* ImageSegmentationView.swift */,
				2AB974032E76DFDD00D08FC2 /* ImageSegmentationViewModel.swift */,
			);
			path = ImageSegmentation;
			sourceTree = "<group>";
		};
		2AB9741C2E76E23800D08FC2 /* CoreMLHelpers */ = {
			isa = PBXGroup;
			children = (
				2AB9740B2E76E23800D08FC2 /* Array+Extensions.swift */,
				2AB9740C2E76E23800D08FC2 /* CGImage+CVPixelBuffer.swift */,
				2AB9740D2E76E23800D08FC2 /* CGImage+RawBytes.swift */,
				2AB9740E2E76E23800D08FC2 /* CGImagePropertyOrientation.swift */,
				2AB9740F2E76E23800D08FC2 /* CoreML+Combine.swift */,
				2AB974102E76E23800D08FC2 /* CVPixelBuffer+Create.swift */,
				2AB974112E76E23800D08FC2 /* CVPixelBuffer+Resize.swift */,
				2AB974122E76E23800D08FC2 /* CVPixelBuffer+Rotate.swift */,
				2AB974132E76E23800D08FC2 /* Math.swift */,
				2AB974142E76E23800D08FC2 /* MLModel+Images.swift */,
				2AB974152E76E23800D08FC2 /* MLMultiArray+Helpers.swift */,
				2AB974162E76E23800D08FC2 /* MLMultiArray+Image.swift */,
				2AB974172E76E23800D08FC2 /* NonMaxSuppression.swift */,
				2AB974182E76E23800D08FC2 /* Predictions.swift */,
				2AB974192E76E23800D08FC2 /* UIImage+CVPixelBuffer.swift */,
				2AB9741A2E76E23800D08FC2 /* UIImage+Extensions.swift */,
				2AB9741B2E76E23800D08FC2 /* UIImage+RawBytes.swift */,
			);
			path = CoreMLHelpers;
			sourceTree = "<group>";
		};
/* End PBXGroup section */

/* Begin PBXNativeTarget section */
		2A9245782E75885A007C3B97 /* AIClassification */ = {
			isa = PBXNativeTarget;
			buildConfigurationList = 2A92459A2E758860007C3B97 /* Build configuration list for PBXNativeTarget "AIClassification" */;
			buildPhases = (
				2A9245752E75885A007C3B97 /* Sources */,
				2A9245762E75885A007C3B97 /* Frameworks */,
				2A9245772E75885A007C3B97 /* Resources */,
			);
			buildRules = (
			);
			dependencies = (
			);
			name = AIClassification;
			packageProductDependencies = (
			);
			productName = AIClassification;
			productReference = 2A9245792E75885A007C3B97 /* AIClassification.app */;
			productType = "com.apple.product-type.application";
		};
		2A9245852E758860007C3B97 /* AIClassificationTests */ = {
			isa = PBXNativeTarget;
			buildConfigurationList = 2A92459D2E758860007C3B97 /* Build configuration list for PBXNativeTarget "AIClassificationTests" */;
			buildPhases = (
				2A9245822E758860007C3B97 /* Sources */,
				2A9245832E758860007C3B97 /* Frameworks */,
				2A9245842E758860007C3B97 /* Resources */,
			);
			buildRules = (
			);
			dependencies = (
				2A9245882E758860007C3B97 /* PBXTargetDependency */,
			);
			name = AIClassificationTests;
			packageProductDependencies = (
			);
			productName = AIClassificationTests;
			productReference = 2A9245862E758860007C3B97 /* AIClassificationTests.xctest */;
			productType = "com.apple.product-type.bundle.unit-test";
		};
/* End PBXNativeTarget section */

/* Begin PBXProject section */
		2A9245712E75885A007C3B97 /* Project object */ = {
			isa = PBXProject;
			attributes = {
				BuildIndependentTargetsInParallel = 1;
				LastSwiftUpdateCheck = 1640;
				LastUpgradeCheck = 1640;
				TargetAttributes = {
					2A9245782E75885A007C3B97 = {
						CreatedOnToolsVersion = 16.4;
					};
					2A9245852E758860007C3B97 = {
						CreatedOnToolsVersion = 16.4;
						TestTargetID = 2A9245782E75885A007C3B97;
					};
				};
			};
			buildConfigurationList = 2A9245742E75885A007C3B97 /* Build configuration list for PBXProject "AIClassification" */;
			developmentRegion = en;
			hasScannedForEncodings = 0;
			knownRegions = (
				en,
				Base,
			);
			mainGroup = 2A9245702E75885A007C3B97;
			minimizedProjectReferenceProxies = 1;
			preferredProjectObjectVersion = 77;
			productRefGroup = 2A92457A2E75885A007C3B97 /* Products */;
			projectDirPath = "";
			projectRoot = "";
			targets = (
				2A9245782E75885A007C3B97 /* AIClassification */,
				2A9245852E758860007C3B97 /* AIClassificationTests */,
			);
		};
/* End PBXProject section */

/* Begin PBXResourcesBuildPhase section */
		2A9245772E75885A007C3B97 /* Resources */ = {
			isa = PBXResourcesBuildPhase;
			buildActionMask = 2147483647;
			files = (
				2A9245A92E758871007C3B97 /* Assets.xcassets in Resources */,
			);
			runOnlyForDeploymentPostprocessing = 0;
		};
		2A9245842E758860007C3B97 /* Resources */ = {
			isa = PBXResourcesBuildPhase;
			buildActionMask = 2147483647;
			files = (
			);
			runOnlyForDeploymentPostprocessing = 0;
		};
/* End PBXResourcesBuildPhase section */

/* Begin PBXSourcesBuildPhase section */
		2A9245752E75885A007C3B97 /* Sources */ = {
			isa = PBXSourcesBuildPhase;
			buildActionMask = 2147483647;
			files = (
				2A9245BB2E758E69007C3B97 /* ClassificationResult.swift in Sources */,
				2A9245B62E7588FF007C3B97 /* ImageClassifier.swift in Sources */,
				2AB9741D2E76E23800D08FC2 /* NonMaxSuppression.swift in Sources */,
				2AB9741E2E76E23800D08FC2 /* MLMultiArray+Helpers.swift in Sources */,
				2AB9741F2E76E23800D08FC2 /* MLModel+Images.swift in Sources */,
				2AB974202E76E23800D08FC2 /* CVPixelBuffer+Resize.swift in Sources */,
				2AB974212E76E23800D08FC2 /* Predictions.swift in Sources */,
				2AB974222E76E23800D08FC2 /* CoreML+Combine.swift in Sources */,
				2AB974232E76E23800D08FC2 /* CVPixelBuffer+Rotate.swift in Sources */,
				2AB974242E76E23800D08FC2 /* MLMultiArray+Image.swift in Sources */,
				2AB974252E76E23800D08FC2 /* UIImage+RawBytes.swift in Sources */,
				2AB974262E76E23800D08FC2 /* UIImage+CVPixelBuffer.swift in Sources */,
				2AB974272E76E23800D08FC2 /* UIImage+Extensions.swift in Sources */,
				2AB974282E76E23800D08FC2 /* CGImage+RawBytes.swift in Sources */,
				2AB974292E76E23800D08FC2 /* CVPixelBuffer+Create.swift in Sources */,
				2AB9742A2E76E23800D08FC2 /* Array+Extensions.swift in Sources */,
				2AB9742B2E76E23800D08FC2 /* CGImagePropertyOrientation.swift in Sources */,
				2AB9742C2E76E23800D08FC2 /* Math.swift in Sources */,
				2AB9742D2E76E23800D08FC2 /* CGImage+CVPixelBuffer.swift in Sources */,
				2AB974042E76DFDD00D08FC2 /* ImageSegmentationViewModel.swift in Sources */,
				2AB973F32E76DED000D08FC2 /* DeepLabV3.mlmodel in Sources */,
				2A9245B32E7588C7007C3B97 /* MobileNetV2.mlmodel in Sources */,
				2A9245B82E758AD8007C3B97 /* ImagePicker.swift in Sources */,
				2AB974022E76DF9200D08FC2 /* ImageSegmentationView.swift in Sources */,
				2AB9740A2E76E11500D08FC2 /* GradientPoint.swift in Sources */,
				2AB973F92E76DEE700D08FC2 /* HistoryView.swift in Sources */,
				2AB973FA2E76DEE700D08FC2 /* ImageClassificationView.swift in Sources */,
				2AB973FB2E76DEE700D08FC2 /* WelcomeView.swift in Sources */,
				2A9245A72E758871007C3B97 /* AIClassificationApp.swift in Sources */,
			);
			runOnlyForDeploymentPostprocessing = 0;
		};
		2A9245822E758860007C3B97 /* Sources */ = {
			isa = PBXSourcesBuildPhase;
			buildActionMask = 2147483647;
			files = (
				2A9245B12E758872007C3B97 /* AIClassificationTests.swift in Sources */,
			);
			runOnlyForDeploymentPostprocessing = 0;
		};
/* End PBXSourcesBuildPhase section */

/* Begin PBXTargetDependency section */
		2A9245882E758860007C3B97 /* PBXTargetDependency */ = {
			isa = PBXTargetDependency;
			target = 2A9245782E75885A007C3B97 /* AIClassification */;
			targetProxy = 2A9245872E758860007C3B97 /* PBXContainerItemProxy */;
		};
/* End PBXTargetDependency section */

/* Begin XCBuildConfiguration section */
		2A9245982E758860007C3B97 /* Debug */ = {
			isa = XCBuildConfiguration;
			buildSettings = {
				ALWAYS_SEARCH_USER_PATHS = NO;
				ASSETCATALOG_COMPILER_GENERATE_SWIFT_ASSET_SYMBOL_EXTENSIONS = YES;
				CLANG_ANALYZER_NONNULL = YES;
				CLANG_ANALYZER_NUMBER_OBJECT_CONVERSION = YES_AGGRESSIVE;
				CLANG_CXX_LANGUAGE_STANDARD = "gnu++20";
				CLANG_ENABLE_MODULES = YES;
				CLANG_ENABLE_OBJC_ARC = YES;
				CLANG_ENABLE_OBJC_WEAK = YES;
				CLANG_WARN_BLOCK_CAPTURE_AUTORELEASING = YES;
				CLANG_WARN_BOOL_CONVERSION = YES;
				CLANG_WARN_COMMA = YES;
				CLANG_WARN_CONSTANT_CONVERSION = YES;
				CLANG_WARN_DEPRECATED_OBJC_IMPLEMENTATIONS = YES;
				CLANG_WARN_DIRECT_OBJC_ISA_USAGE = YES_ERROR;
				CLANG_WARN_DOCUMENTATION_COMMENTS = YES;
				CLANG_WARN_EMPTY_BODY = YES;
				CLANG_WARN_ENUM_CONVERSION = YES;
				CLANG_WARN_INFINITE_RECURSION = YES;
				CLANG_WARN_INT_CONVERSION = YES;
				CLANG_WARN_NON_LITERAL_NULL_CONVERSION = YES;
				CLANG_WARN_OBJC_IMPLICIT_RETAIN_SELF = YES;
				CLANG_WARN_OBJC_LITERAL_CONVERSION = YES;
				CLANG_WARN_OBJC_ROOT_CLASS = YES_ERROR;
				CLANG_WARN_QUOTED_INCLUDE_IN_FRAMEWORK_HEADER = YES;
				CLANG_WARN_RANGE_LOOP_ANALYSIS = YES;
				CLANG_WARN_STRICT_PROTOTYPES = YES;
				CLANG_WARN_SUSPICIOUS_MOVE = YES;
				CLANG_WARN_UNGUARDED_AVAILABILITY = YES_AGGRESSIVE;
				CLANG_WARN_UNREACHABLE_CODE = YES;
				CLANG_WARN__DUPLICATE_METHOD_MATCH = YES;
				COPY_PHASE_STRIP = NO;
				DEBUG_INFORMATION_FORMAT = dwarf;
				DEVELOPMENT_TEAM = RZZ472J6K5;
				ENABLE_STRICT_OBJC_MSGSEND = YES;
				ENABLE_TESTABILITY = YES;
				ENABLE_USER_SCRIPT_SANDBOXING = YES;
				GCC_C_LANGUAGE_STANDARD = gnu17;
				GCC_DYNAMIC_NO_PIC = NO;
				GCC_NO_COMMON_BLOCKS = YES;
				GCC_OPTIMIZATION_LEVEL = 0;
				GCC_PREPROCESSOR_DEFINITIONS = (
					"DEBUG=1",
					"$(inherited)",
				);
				GCC_WARN_64_TO_32_BIT_CONVERSION = YES;
				GCC_WARN_ABOUT_RETURN_TYPE = YES_ERROR;
				GCC_WARN_UNDECLARED_SELECTOR = YES;
				GCC_WARN_UNINITIALIZED_AUTOS = YES_AGGRESSIVE;
				GCC_WARN_UNUSED_FUNCTION = YES;
				GCC_WARN_UNUSED_VARIABLE = YES;
				IPHONEOS_DEPLOYMENT_TARGET = 18.5;
				LOCALIZATION_PREFERS_STRING_CATALOGS = YES;
				MTL_ENABLE_DEBUG_INFO = INCLUDE_SOURCE;
				MTL_FAST_MATH = YES;
				ONLY_ACTIVE_ARCH = YES;
				SDKROOT = iphoneos;
				SWIFT_ACTIVE_COMPILATION_CONDITIONS = "DEBUG $(inherited)";
				SWIFT_OPTIMIZATION_LEVEL = "-Onone";
			};
			name = Debug;
		};
		2A9245992E758860007C3B97 /* Release */ = {
			isa = XCBuildConfiguration;
			buildSettings = {
				ALWAYS_SEARCH_USER_PATHS = NO;
				ASSETCATALOG_COMPILER_GENERATE_SWIFT_ASSET_SYMBOL_EXTENSIONS = YES;
				CLANG_ANALYZER_NONNULL = YES;
				CLANG_ANALYZER_NUMBER_OBJECT_CONVERSION = YES_AGGRESSIVE;
				CLANG_CXX_LANGUAGE_STANDARD = "gnu++20";
				CLANG_ENABLE_MODULES = YES;
				CLANG_ENABLE_OBJC_ARC = YES;
				CLANG_ENABLE_OBJC_WEAK = YES;
				CLANG_WARN_BLOCK_CAPTURE_AUTORELEASING = YES;
				CLANG_WARN_BOOL_CONVERSION = YES;
				CLANG_WARN_COMMA = YES;
				CLANG_WARN_CONSTANT_CONVERSION = YES;
				CLANG_WARN_DEPRECATED_OBJC_IMPLEMENTATIONS = YES;
				CLANG_WARN_DIRECT_OBJC_ISA_USAGE = YES_ERROR;
				CLANG_WARN_DOCUMENTATION_COMMENTS = YES;
				CLANG_WARN_EMPTY_BODY = YES;
				CLANG_WARN_ENUM_CONVERSION = YES;
				CLANG_WARN_INFINITE_RECURSION = YES;
				CLANG_WARN_INT_CONVERSION = YES;
				CLANG_WARN_NON_LITERAL_NULL_CONVERSION = YES;
				CLANG_WARN_OBJC_IMPLICIT_RETAIN_SELF = YES;
				CLANG_WARN_OBJC_LITERAL_CONVERSION = YES;
				CLANG_WARN_OBJC_ROOT_CLASS = YES_ERROR;
				CLANG_WARN_QUOTED_INCLUDE_IN_FRAMEWORK_HEADER = YES;
				CLANG_WARN_RANGE_LOOP_ANALYSIS = YES;
				CLANG_WARN_STRICT_PROTOTYPES = YES;
				CLANG_WARN_SUSPICIOUS_MOVE = YES;
				CLANG_WARN_UNGUARDED_AVAILABILITY = YES_AGGRESSIVE;
				CLANG_WARN_UNREACHABLE_CODE = YES;
				CLANG_WARN__DUPLICATE_METHOD_MATCH = YES;
				COPY_PHASE_STRIP = NO;
				DEBUG_INFORMATION_FORMAT = "dwarf-with-dsym";
				DEVELOPMENT_TEAM = RZZ472J6K5;
				ENABLE_NS_ASSERTIONS = NO;
				ENABLE_STRICT_OBJC_MSGSEND = YES;
				ENABLE_USER_SCRIPT_SANDBOXING = YES;
				GCC_C_LANGUAGE_STANDARD = gnu17;
				GCC_NO_COMMON_BLOCKS = YES;
				GCC_WARN_64_TO_32_BIT_CONVERSION = YES;
				GCC_WARN_ABOUT_RETURN_TYPE = YES_ERROR;
				GCC_WARN_UNDECLARED_SELECTOR = YES;
				GCC_WARN_UNINITIALIZED_AUTOS = YES_AGGRESSIVE;
				GCC_WARN_UNUSED_FUNCTION = YES;
				GCC_WARN_UNUSED_VARIABLE = YES;
				IPHONEOS_DEPLOYMENT_TARGET = 18.5;
				LOCALIZATION_PREFERS_STRING_CATALOGS = YES;
				MTL_ENABLE_DEBUG_INFO = NO;
				MTL_FAST_MATH = YES;
				SDKROOT = iphoneos;
				SWIFT_COMPILATION_MODE = wholemodule;
				VALIDATE_PRODUCT = YES;
			};
			name = Release;
		};
		2A92459B2E758860007C3B97 /* Debug */ = {
			isa = XCBuildConfiguration;
			buildSettings = {
				ASSETCATALOG_COMPILER_APPICON_NAME = AppIcon;
				ASSETCATALOG_COMPILER_GLOBAL_ACCENT_COLOR_NAME = AccentColor;
				CODE_SIGN_STYLE = Automatic;
				CURRENT_PROJECT_VERSION = 1;
				DEVELOPMENT_TEAM = RZZ472J6K5;
				ENABLE_PREVIEWS = YES;
				GENERATE_INFOPLIST_FILE = YES;
				INFOPLIST_KEY_UIApplicationSceneManifest_Generation = YES;
				INFOPLIST_KEY_UIApplicationSupportsIndirectInputEvents = YES;
				INFOPLIST_KEY_UILaunchScreen_Generation = YES;
				INFOPLIST_KEY_UISupportedInterfaceOrientations_iPad = "UIInterfaceOrientationPortrait UIInterfaceOrientationPortraitUpsideDown UIInterfaceOrientationLandscapeLeft UIInterfaceOrientationLandscapeRight";
				INFOPLIST_KEY_UISupportedInterfaceOrientations_iPhone = "UIInterfaceOrientationPortrait UIInterfaceOrientationLandscapeLeft UIInterfaceOrientationLandscapeRight";
				IPHONEOS_DEPLOYMENT_TARGET = 18.0;
				LD_RUNPATH_SEARCH_PATHS = (
					"$(inherited)",
					"@executable_path/Frameworks",
				);
				MARKETING_VERSION = 1.0;
				PRODUCT_BUNDLE_IDENTIFIER = Ibrahim.Gedami.com.AIClassification;
				PRODUCT_NAME = "$(TARGET_NAME)";
				SWIFT_EMIT_LOC_STRINGS = YES;
				SWIFT_VERSION = 5.0;
				TARGETED_DEVICE_FAMILY = "1,2";
			};
			name = Debug;
		};
		2A92459C2E758860007C3B97 /* Release */ = {
			isa = XCBuildConfiguration;
			buildSettings = {
				ASSETCATALOG_COMPILER_APPICON_NAME = AppIcon;
				ASSETCATALOG_COMPILER_GLOBAL_ACCENT_COLOR_NAME = AccentColor;
				CODE_SIGN_STYLE = Automatic;
				CURRENT_PROJECT_VERSION = 1;
				DEVELOPMENT_TEAM = RZZ472J6K5;
				ENABLE_PREVIEWS = YES;
				GENERATE_INFOPLIST_FILE = YES;
				INFOPLIST_KEY_UIApplicationSceneManifest_Generation = YES;
				INFOPLIST_KEY_UIApplicationSupportsIndirectInputEvents = YES;
				INFOPLIST_KEY_UILaunchScreen_Generation = YES;
				INFOPLIST_KEY_UISupportedInterfaceOrientations_iPad = "UIInterfaceOrientationPortrait UIInterfaceOrientationPortraitUpsideDown UIInterfaceOrientationLandscapeLeft UIInterfaceOrientationLandscapeRight";
				INFOPLIST_KEY_UISupportedInterfaceOrientations_iPhone = "UIInterfaceOrientationPortrait UIInterfaceOrientationLandscapeLeft UIInterfaceOrientationLandscapeRight";
				IPHONEOS_DEPLOYMENT_TARGET = 18.0;
				LD_RUNPATH_SEARCH_PATHS = (
					"$(inherited)",
					"@executable_path/Frameworks",
				);
				MARKETING_VERSION = 1.0;
				PRODUCT_BUNDLE_IDENTIFIER = Ibrahim.Gedami.com.AIClassification;
				PRODUCT_NAME = "$(TARGET_NAME)";
				SWIFT_EMIT_LOC_STRINGS = YES;
				SWIFT_VERSION = 5.0;
				TARGETED_DEVICE_FAMILY = "1,2";
			};
			name = Release;
		};
		2A92459E2E758860007C3B97 /* Debug */ = {
			isa = XCBuildConfiguration;
			buildSettings = {
				BUNDLE_LOADER = "$(TEST_HOST)";
				CODE_SIGN_STYLE = Automatic;
				CURRENT_PROJECT_VERSION = 1;
				DEVELOPMENT_TEAM = RZZ472J6K5;
				GENERATE_INFOPLIST_FILE = YES;
				IPHONEOS_DEPLOYMENT_TARGET = 18.5;
				MARKETING_VERSION = 1.0;
				PRODUCT_BUNDLE_IDENTIFIER = Ibrahim.Gedami.com.AIClassificationTests;
				PRODUCT_NAME = "$(TARGET_NAME)";
				SWIFT_EMIT_LOC_STRINGS = NO;
				SWIFT_VERSION = 5.0;
				TARGETED_DEVICE_FAMILY = "1,2";
				TEST_HOST = "$(BUILT_PRODUCTS_DIR)/AIClassification.app/$(BUNDLE_EXECUTABLE_FOLDER_PATH)/AIClassification";
			};
			name = Debug;
		};
		2A92459F2E758860007C3B97 /* Release */ = {
			isa = XCBuildConfiguration;
			buildSettings = {
				BUNDLE_LOADER = "$(TEST_HOST)";
				CODE_SIGN_STYLE = Automatic;
				CURRENT_PROJECT_VERSION = 1;
				DEVELOPMENT_TEAM = RZZ472J6K5;
				GENERATE_INFOPLIST_FILE = YES;
				IPHONEOS_DEPLOYMENT_TARGET = 18.5;
				MARKETING_VERSION = 1.0;
				PRODUCT_BUNDLE_IDENTIFIER = Ibrahim.Gedami.com.AIClassificationTests;
				PRODUCT_NAME = "$(TARGET_NAME)";
				SWIFT_EMIT_LOC_STRINGS = NO;
				SWIFT_VERSION = 5.0;
				TARGETED_DEVICE_FAMILY = "1,2";
				TEST_HOST = "$(BUILT_PRODUCTS_DIR)/AIClassification.app/$(BUNDLE_EXECUTABLE_FOLDER_PATH)/AIClassification";
			};
			name = Release;
		};
/* End XCBuildConfiguration section */

/* Begin XCConfigurationList section */
		2A9245742E75885A007C3B97 /* Build configuration list for PBXProject "AIClassification" */ = {
			isa = XCConfigurationList;
			buildConfigurations = (
				2A9245982E758860007C3B97 /* Debug */,
				2A9245992E758860007C3B97 /* Release */,
			);
			defaultConfigurationIsVisible = 0;
			defaultConfigurationName = Release;
		};
		2A92459A2E758860007C3B97 /* Build configuration list for PBXNativeTarget "AIClassification" */ = {
			isa = XCConfigurationList;
			buildConfigurations = (
				2A92459B2E758860007C3B97 /* Debug */,
				2A92459C2E758860007C3B97 /* Release */,
			);
			defaultConfigurationIsVisible = 0;
			defaultConfigurationName = Release;
		};
		2A92459D2E758860007C3B97 /* Build configuration list for PBXNativeTarget "AIClassificationTests" */ = {
			isa = XCConfigurationList;
			buildConfigurations = (
				2A92459E2E758860007C3B97 /* Debug */,
				2A92459F2E758860007C3B97 /* Release */,
			);
			defaultConfigurationIsVisible = 0;
			defaultConfigurationName = Release;
		};
/* End XCConfigurationList section */
	};
	rootObject = 2A9245712E75885A007C3B97 /* Project object */;
}
