// !$*UTF8*$!
{
	archiveVersion = 1;
	classes = {
	};
	objectVersion = 77;
	objects = {

/* Begin PBXBuildFile section */
		2A9245A72E758871007C3B97 /* AIClassificationApp.swift in Sources */ = {isa = PBXBuildFile; fileRef = 2A9245A32E758871007C3B97 /* AIClassificationApp.swift */; };
		2A9245A82E758871007C3B97 /* ImageClassificationView.swift in Sources */ = {isa = PBXBuildFile; fileRef = 2A9245A52E758871007C3B97 /* ImageClassificationView.swift */; };
		2A9245A92E758871007C3B97 /* Assets.xcassets in Resources */ = {isa = PBXBuildFile; fileRef = 2A9245A42E758871007C3B97 /* Assets.xcassets */; };
		2A9245B12E758872007C3B97 /* AIClassificationTests.swift in Sources */ = {isa = PBXBuildFile; fileRef = 2A9245AF2E758872007C3B97 /* AIClassificationTests.swift */; };
		2A9245B32E7588C7007C3B97 /* MobileNetV2.mlmodel in Sources */ = {isa = PBXBuildFile; fileRef = 2A9245B22E7588C7007C3B97 /* MobileNetV2.mlmodel */; };
		2A9245B62E7588FF007C3B97 /* ImageClassifier.swift in Sources */ = {isa = PBXBuildFile; fileRef = 2A9245B52E7588FF007C3B97 /* ImageClassifier.swift */; };
		2A9245B82E758AD8007C3B97 /* ImagePicker.swift in Sources */ = {isa = PBXBuildFile; fileRef = 2A9245B72E758AD8007C3B97 /* ImagePicker.swift */; };
/* End PBXBuildFile section */

/* Begin PBXContainerItemProxy section */
		2A9245872E758860007C3B97 /* PBXContainerItemProxy */ = {
			isa = PBXContainerItemProxy;
			containerPortal = 2A9245712E75885A007C3B97 /* Project object */;
			proxyType = 1;
			remoteGlobalIDString = 2A9245782E75885A007C3B97;
			remoteInfo = AIClassification;
		};
/* End PBXContainerItemProxy section */

/* Begin PBXFileReference section */
		2A9245792E75885A007C3B97 /* AIClassification.app */ = {isa = PBXFileReference; explicitFileType = wrapper.application; includeInIndex = 0; path = AIClassification.app; sourceTree = BUILT_PRODUCTS_DIR; };
		2A9245862E758860007C3B97 /* AIClassificationTests.xctest */ = {isa = PBXFileReference; explicitFileType = wrapper.cfbundle; includeInIndex = 0; path = AIClassificationTests.xctest; sourceTree = BUILT_PRODUCTS_DIR; };
		2A9245A32E758871007C3B97 /* AIClassificationApp.swift */ = {isa = PBXFileReference; lastKnownFileType = sourcecode.swift; path = AIClassificationApp.swift; sourceTree = "<group>"; };
		2A9245A42E758871007C3B97 /* Assets.xcassets */ = {isa = PBXFileReference; lastKnownFileType = folder.assetcatalog; path = Assets.xcassets; sourceTree = "<group>"; };
		2A9245A52E758871007C3B97 /* ImageClassificationView.swift */ = {isa = PBXFileReference; lastKnownFileType = sourcecode.swift; path = ImageClassificationView.swift; sourceTree = "<group>"; };
		2A9245AF2E758872007C3B97 /* AIClassificationTests.swift */ = {isa = PBXFileReference; lastKnownFileType = sourcecode.swift; path = AIClassificationTests.swift; sourceTree = "<group>"; };
		2A9245B22E7588C7007C3B97 /* MobileNetV2.mlmodel */ = {isa = PBXFileReference; lastKnownFileType = file.mlmodel; path = MobileNetV2.mlmodel; sourceTree = "<group>"; };
		2A9245B52E7588FF007C3B97 /* ImageClassifier.swift */ = {isa = PBXFileReference; lastKnownFileType = sourcecode.swift; path = ImageClassifier.swift; sourceTree = "<group>"; };
		2A9245B72E758AD8007C3B97 /* ImagePicker.swift */ = {isa = PBXFileReference; lastKnownFileType = sourcecode.swift; path = ImagePicker.swift; sourceTree = "<group>"; };
/* End PBXFileReference section */

/* Begin PBXFrameworksBuildPhase section */
		2A9245762E75885A007C3B97 /* Frameworks */ = {
			isa = PBXFrameworksBuildPhase;
			buildActionMask = 2147483647;
			files = (
			);
			runOnlyForDeploymentPostprocessing = 0;
		};
		2A9245832E758860007C3B97 /* Frameworks */ = {
			isa = PBXFrameworksBuildPhase;
			buildActionMask = 2147483647;
			files = (
			);
			runOnlyForDeploymentPostprocessing = 0;
		};
/* End PBXFrameworksBuildPhase section */

/* Begin PBXGroup section */
		2A9245702E75885A007C3B97 = {
			isa = PBXGroup;
			children = (
				2A9245A62E758871007C3B97 /* AIClassification */,
				2A9245B02E758872007C3B97 /* AIClassificationTests */,
				2A92457A2E75885A007C3B97 /* Products */,
			);
			sourceTree = "<group>";
		};
		2A92457A2E75885A007C3B97 /* Products */ = {
			isa = PBXGroup;
			children = (
				2A9245792E75885A007C3B97 /* AIClassification.app */,
				2A9245862E758860007C3B97 /* AIClassificationTests.xctest */,
			);
			name = Products;
			sourceTree = "<group>";
		};
		2A9245A62E758871007C3B97 /* AIClassification */ = {
			isa = PBXGroup;
			children = (
				2A9245B42E7588EF007C3B97 /* Helper */,
				2A9245B92E758B23007C3B97 /* Model */,
				2A9245A32E758871007C3B97 /* AIClassificationApp.swift */,
				2A9245A42E758871007C3B97 /* Assets.xcassets */,
				2A9245A52E758871007C3B97 /* ImageClassificationView.swift */,
			);
			path = AIClassification;
			sourceTree = "<group>";
		};
		2A9245B02E758872007C3B97 /* AIClassificationTests */ = {
			isa = PBXGroup;
			children = (
				2A9245AF2E758872007C3B97 /* AIClassificationTests.swift */,
			);
			path = AIClassificationTests;
			sourceTree = "<group>";
		};
		2A9245B42E7588EF007C3B97 /* Helper */ = {
			isa = PBXGroup;
			children = (
				2A9245B52E7588FF007C3B97 /* ImageClassifier.swift */,
				2A9245B72E758AD8007C3B97 /* ImagePicker.swift */,
			);
			path = Helper;
			sourceTree = "<group>";
		};
		2A9245B92E758B23007C3B97 /* Model */ = {
			isa = PBXGroup;
			children = (
				2A9245B22E7588C7007C3B97 /* MobileNetV2.mlmodel */,
			);
			path = Model;
			sourceTree = "<group>";
		};
/* End PBXGroup section */

/* Begin PBXNativeTarget section */
		2A9245782E75885A007C3B97 /* AIClassification */ = {
			isa = PBXNativeTarget;
			buildConfigurationList = 2A92459A2E758860007C3B97 /* Build configuration list for PBXNativeTarget "AIClassification" */;
			buildPhases = (
				2A9245752E75885A007C3B97 /* Sources */,
				2A9245762E75885A007C3B97 /* Frameworks */,
				2A9245772E75885A007C3B97 /* Resources */,
			);
			buildRules = (
			);
			dependencies = (
			);
			name = AIClassification;
			packageProductDependencies = (
			);
			productName = AIClassification;
			productReference = 2A9245792E75885A007C3B97 /* AIClassification.app */;
			productType = "com.apple.product-type.application";
		};
		2A9245852E758860007C3B97 /* AIClassificationTests */ = {
			isa = PBXNativeTarget;
			buildConfigurationList = 2A92459D2E758860007C3B97 /* Build configuration list for PBXNativeTarget "AIClassificationTests" */;
			buildPhases = (
				2A9245822E758860007C3B97 /* Sources */,
				2A9245832E758860007C3B97 /* Frameworks */,
				2A9245842E758860007C3B97 /* Resources */,
			);
			buildRules = (
			);
			dependencies = (
				2A9245882E758860007C3B97 /* PBXTargetDependency */,
			);
			name = AIClassificationTests;
			packageProductDependencies = (
			);
			productName = AIClassificationTests;
			productReference = 2A9245862E758860007C3B97 /* AIClassificationTests.xctest */;
			productType = "com.apple.product-type.bundle.unit-test";
		};
/* End PBXNativeTarget section */

/* Begin PBXProject section */
		2A9245712E75885A007C3B97 /* Project object */ = {
			isa = PBXProject;
			attributes = {
				BuildIndependentTargetsInParallel = 1;
				LastSwiftUpdateCheck = 1640;
				LastUpgradeCheck = 1640;
				TargetAttributes = {
					2A9245782E75885A007C3B97 = {
						CreatedOnToolsVersion = 16.4;
					};
					2A9245852E758860007C3B97 = {
						CreatedOnToolsVersion = 16.4;
						TestTargetID = 2A9245782E75885A007C3B97;
					};
				};
			};
			buildConfigurationList = 2A9245742E75885A007C3B97 /* Build configuration list for PBXProject "AIClassification" */;
			developmentRegion = en;
			hasScannedForEncodings = 0;
			knownRegions = (
				en,
				Base,
			);
			mainGroup = 2A9245702E75885A007C3B97;
			minimizedProjectReferenceProxies = 1;
			preferredProjectObjectVersion = 77;
			productRefGroup = 2A92457A2E75885A007C3B97 /* Products */;
			projectDirPath = "";
			projectRoot = "";
			targets = (
				2A9245782E75885A007C3B97 /* AIClassification */,
				2A9245852E758860007C3B97 /* AIClassificationTests */,
			);
		};
/* End PBXProject section */

/* Begin PBXResourcesBuildPhase section */
		2A9245772E75885A007C3B97 /* Resources */ = {
			isa = PBXResourcesBuildPhase;
			buildActionMask = 2147483647;
			files = (
				2A9245A92E758871007C3B97 /* Assets.xcassets in Resources */,
			);
			runOnlyForDeploymentPostprocessing = 0;
		};
		2A9245842E758860007C3B97 /* Resources */ = {
			isa = PBXResourcesBuildPhase;
			buildActionMask = 2147483647;
			files = (
			);
			runOnlyForDeploymentPostprocessing = 0;
		};
/* End PBXResourcesBuildPhase section */

/* Begin PBXSourcesBuildPhase section */
		2A9245752E75885A007C3B97 /* Sources */ = {
			isa = PBXSourcesBuildPhase;
			buildActionMask = 2147483647;
			files = (
				2A9245B62E7588FF007C3B97 /* ImageClassifier.swift in Sources */,
				2A9245B32E7588C7007C3B97 /* MobileNetV2.mlmodel in Sources */,
				2A9245B82E758AD8007C3B97 /* ImagePicker.swift in Sources */,
				2A9245A72E758871007C3B97 /* AIClassificationApp.swift in Sources */,
				2A9245A82E758871007C3B97 /* ImageClassificationView.swift in Sources */,
			);
			runOnlyForDeploymentPostprocessing = 0;
		};
		2A9245822E758860007C3B97 /* Sources */ = {
			isa = PBXSourcesBuildPhase;
			buildActionMask = 2147483647;
			files = (
				2A9245B12E758872007C3B97 /* AIClassificationTests.swift in Sources */,
			);
			runOnlyForDeploymentPostprocessing = 0;
		};
/* End PBXSourcesBuildPhase section */

/* Begin PBXTargetDependency section */
		2A9245882E758860007C3B97 /* PBXTargetDependency */ = {
			isa = PBXTargetDependency;
			target = 2A9245782E75885A007C3B97 /* AIClassification */;
			targetProxy = 2A9245872E758860007C3B97 /* PBXContainerItemProxy */;
		};
/* End PBXTargetDependency section */

/* Begin XCBuildConfiguration section */
		2A9245982E758860007C3B97 /* Debug */ = {
			isa = XCBuildConfiguration;
			buildSettings = {
				ALWAYS_SEARCH_USER_PATHS = NO;
				ASSETCATALOG_COMPILER_GENERATE_SWIFT_ASSET_SYMBOL_EXTENSIONS = YES;
				CLANG_ANALYZER_NONNULL = YES;
				CLANG_ANALYZER_NUMBER_OBJECT_CONVERSION = YES_AGGRESSIVE;
				CLANG_CXX_LANGUAGE_STANDARD = "gnu++20";
				CLANG_ENABLE_MODULES = YES;
				CLANG_ENABLE_OBJC_ARC = YES;
				CLANG_ENABLE_OBJC_WEAK = YES;
				CLANG_WARN_BLOCK_CAPTURE_AUTORELEASING = YES;
				CLANG_WARN_BOOL_CONVERSION = YES;
				CLANG_WARN_COMMA = YES;
				CLANG_WARN_CONSTANT_CONVERSION = YES;
				CLANG_WARN_DEPRECATED_OBJC_IMPLEMENTATIONS = YES;
				CLANG_WARN_DIRECT_OBJC_ISA_USAGE = YES_ERROR;
				CLANG_WARN_DOCUMENTATION_COMMENTS = YES;
				CLANG_WARN_EMPTY_BODY = YES;
				CLANG_WARN_ENUM_CONVERSION = YES;
				CLANG_WARN_INFINITE_RECURSION = YES;
				CLANG_WARN_INT_CONVERSION = YES;
				CLANG_WARN_NON_LITERAL_NULL_CONVERSION = YES;
				CLANG_WARN_OBJC_IMPLICIT_RETAIN_SELF = YES;
				CLANG_WARN_OBJC_LITERAL_CONVERSION = YES;
				CLANG_WARN_OBJC_ROOT_CLASS = YES_ERROR;
				CLANG_WARN_QUOTED_INCLUDE_IN_FRAMEWORK_HEADER = YES;
				CLANG_WARN_RANGE_LOOP_ANALYSIS = YES;
				CLANG_WARN_STRICT_PROTOTYPES = YES;
				CLANG_WARN_SUSPICIOUS_MOVE = YES;
				CLANG_WARN_UNGUARDED_AVAILABILITY = YES_AGGRESSIVE;
				CLANG_WARN_UNREACHABLE_CODE = YES;
				CLANG_WARN__DUPLICATE_METHOD_MATCH = YES;
				COPY_PHASE_STRIP = NO;
				DEBUG_INFORMATION_FORMAT = dwarf;
				DEVELOPMENT_TEAM = RZZ472J6K5;
				ENABLE_STRICT_OBJC_MSGSEND = YES;
				ENABLE_TESTABILITY = YES;
				ENABLE_USER_SCRIPT_SANDBOXING = YES;
				GCC_C_LANGUAGE_STANDARD = gnu17;
				GCC_DYNAMIC_NO_PIC = NO;
				GCC_NO_COMMON_BLOCKS = YES;
				GCC_OPTIMIZATION_LEVEL = 0;
				GCC_PREPROCESSOR_DEFINITIONS = (
					"DEBUG=1",
					"$(inherited)",
				);
				GCC_WARN_64_TO_32_BIT_CONVERSION = YES;
				GCC_WARN_ABOUT_RETURN_TYPE = YES_ERROR;
				GCC_WARN_UNDECLARED_SELECTOR = YES;
				GCC_WARN_UNINITIALIZED_AUTOS = YES_AGGRESSIVE;
				GCC_WARN_UNUSED_FUNCTION = YES;
				GCC_WARN_UNUSED_VARIABLE = YES;
				IPHONEOS_DEPLOYMENT_TARGET = 18.5;
				LOCALIZATION_PREFERS_STRING_CATALOGS = YES;
				MTL_ENABLE_DEBUG_INFO = INCLUDE_SOURCE;
				MTL_FAST_MATH = YES;
				ONLY_ACTIVE_ARCH = YES;
				SDKROOT = iphoneos;
				SWIFT_ACTIVE_COMPILATION_CONDITIONS = "DEBUG $(inherited)";
				SWIFT_OPTIMIZATION_LEVEL = "-Onone";
			};
			name = Debug;
		};
		2A9245992E758860007C3B97 /* Release */ = {
			isa = XCBuildConfiguration;
			buildSettings = {
				ALWAYS_SEARCH_USER_PATHS = NO;
				ASSETCATALOG_COMPILER_GENERATE_SWIFT_ASSET_SYMBOL_EXTENSIONS = YES;
				CLANG_ANALYZER_NONNULL = YES;
				CLANG_ANALYZER_NUMBER_OBJECT_CONVERSION = YES_AGGRESSIVE;
				CLANG_CXX_LANGUAGE_STANDARD = "gnu++20";
				CLANG_ENABLE_MODULES = YES;
				CLANG_ENABLE_OBJC_ARC = YES;
				CLANG_ENABLE_OBJC_WEAK = YES;
				CLANG_WARN_BLOCK_CAPTURE_AUTORELEASING = YES;
				CLANG_WARN_BOOL_CONVERSION = YES;
				CLANG_WARN_COMMA = YES;
				CLANG_WARN_CONSTANT_CONVERSION = YES;
				CLANG_WARN_DEPRECATED_OBJC_IMPLEMENTATIONS = YES;
				CLANG_WARN_DIRECT_OBJC_ISA_USAGE = YES_ERROR;
				CLANG_WARN_DOCUMENTATION_COMMENTS = YES;
				CLANG_WARN_EMPTY_BODY = YES;
				CLANG_WARN_ENUM_CONVERSION = YES;
				CLANG_WARN_INFINITE_RECURSION = YES;
				CLANG_WARN_INT_CONVERSION = YES;
				CLANG_WARN_NON_LITERAL_NULL_CONVERSION = YES;
				CLANG_WARN_OBJC_IMPLICIT_RETAIN_SELF = YES;
				CLANG_WARN_OBJC_LITERAL_CONVERSION = YES;
				CLANG_WARN_OBJC_ROOT_CLASS = YES_ERROR;
				CLANG_WARN_QUOTED_INCLUDE_IN_FRAMEWORK_HEADER = YES;
				CLANG_WARN_RANGE_LOOP_ANALYSIS = YES;
				CLANG_WARN_STRICT_PROTOTYPES = YES;
				CLANG_WARN_SUSPICIOUS_MOVE = YES;
				CLANG_WARN_UNGUARDED_AVAILABILITY = YES_AGGRESSIVE;
				CLANG_WARN_UNREACHABLE_CODE = YES;
				CLANG_WARN__DUPLICATE_METHOD_MATCH = YES;
				COPY_PHASE_STRIP = NO;
				DEBUG_INFORMATION_FORMAT = "dwarf-with-dsym";
				DEVELOPMENT_TEAM = RZZ472J6K5;
				ENABLE_NS_ASSERTIONS = NO;
				ENABLE_STRICT_OBJC_MSGSEND = YES;
				ENABLE_USER_SCRIPT_SANDBOXING = YES;
				GCC_C_LANGUAGE_STANDARD = gnu17;
				GCC_NO_COMMON_BLOCKS = YES;
				GCC_WARN_64_TO_32_BIT_CONVERSION = YES;
				GCC_WARN_ABOUT_RETURN_TYPE = YES_ERROR;
				GCC_WARN_UNDECLARED_SELECTOR = YES;
				GCC_WARN_UNINITIALIZED_AUTOS = YES_AGGRESSIVE;
				GCC_WARN_UNUSED_FUNCTION = YES;
				GCC_WARN_UNUSED_VARIABLE = YES;
				IPHONEOS_DEPLOYMENT_TARGET = 18.5;
				LOCALIZATION_PREFERS_STRING_CATALOGS = YES;
				MTL_ENABLE_DEBUG_INFO = NO;
				MTL_FAST_MATH = YES;
				SDKROOT = iphoneos;
				SWIFT_COMPILATION_MODE = wholemodule;
				VALIDATE_PRODUCT = YES;
			};
			name = Release;
		};
		2A92459B2E758860007C3B97 /* Debug */ = {
			isa = XCBuildConfiguration;
			buildSettings = {
				ASSETCATALOG_COMPILER_APPICON_NAME = AppIcon;
				ASSETCATALOG_COMPILER_GLOBAL_ACCENT_COLOR_NAME = AccentColor;
				CODE_SIGN_STYLE = Automatic;
				CURRENT_PROJECT_VERSION = 1;
				DEVELOPMENT_TEAM = RZZ472J6K5;
				ENABLE_PREVIEWS = YES;
				GENERATE_INFOPLIST_FILE = YES;
				INFOPLIST_KEY_UIApplicationSceneManifest_Generation = YES;
				INFOPLIST_KEY_UIApplicationSupportsIndirectInputEvents = YES;
				INFOPLIST_KEY_UILaunchScreen_Generation = YES;
				INFOPLIST_KEY_UISupportedInterfaceOrientations_iPad = "UIInterfaceOrientationPortrait UIInterfaceOrientationPortraitUpsideDown UIInterfaceOrientationLandscapeLeft UIInterfaceOrientationLandscapeRight";
				INFOPLIST_KEY_UISupportedInterfaceOrientations_iPhone = "UIInterfaceOrientationPortrait UIInterfaceOrientationLandscapeLeft UIInterfaceOrientationLandscapeRight";
				IPHONEOS_DEPLOYMENT_TARGET = 18.0;
				LD_RUNPATH_SEARCH_PATHS = (
					"$(inherited)",
					"@executable_path/Frameworks",
				);
				MARKETING_VERSION = 1.0;
				PRODUCT_BUNDLE_IDENTIFIER = Ibrahim.Gedami.com.AIClassification;
				PRODUCT_NAME = "$(TARGET_NAME)";
				SWIFT_EMIT_LOC_STRINGS = YES;
				SWIFT_VERSION = 5.0;
				TARGETED_DEVICE_FAMILY = "1,2";
			};
			name = Debug;
		};
		2A92459C2E758860007C3B97 /* Release */ = {
			isa = XCBuildConfiguration;
			buildSettings = {
				ASSETCATALOG_COMPILER_APPICON_NAME = AppIcon;
				ASSETCATALOG_COMPILER_GLOBAL_ACCENT_COLOR_NAME = AccentColor;
				CODE_SIGN_STYLE = Automatic;
				CURRENT_PROJECT_VERSION = 1;
				DEVELOPMENT_TEAM = RZZ472J6K5;
				ENABLE_PREVIEWS = YES;
				GENERATE_INFOPLIST_FILE = YES;
				INFOPLIST_KEY_UIApplicationSceneManifest_Generation = YES;
				INFOPLIST_KEY_UIApplicationSupportsIndirectInputEvents = YES;
				INFOPLIST_KEY_UILaunchScreen_Generation = YES;
				INFOPLIST_KEY_UISupportedInterfaceOrientations_iPad = "UIInterfaceOrientationPortrait UIInterfaceOrientationPortraitUpsideDown UIInterfaceOrientationLandscapeLeft UIInterfaceOrientationLandscapeRight";
				INFOPLIST_KEY_UISupportedInterfaceOrientations_iPhone = "UIInterfaceOrientationPortrait UIInterfaceOrientationLandscapeLeft UIInterfaceOrientationLandscapeRight";
				IPHONEOS_DEPLOYMENT_TARGET = 18.0;
				LD_RUNPATH_SEARCH_PATHS = (
					"$(inherited)",
					"@executable_path/Frameworks",
				);
				MARKETING_VERSION = 1.0;
				PRODUCT_BUNDLE_IDENTIFIER = Ibrahim.Gedami.com.AIClassification;
				PRODUCT_NAME = "$(TARGET_NAME)";
				SWIFT_EMIT_LOC_STRINGS = YES;
				SWIFT_VERSION = 5.0;
				TARGETED_DEVICE_FAMILY = "1,2";
			};
			name = Release;
		};
		2A92459E2E758860007C3B97 /* Debug */ = {
			isa = XCBuildConfiguration;
			buildSettings = {
				BUNDLE_LOADER = "$(TEST_HOST)";
				CODE_SIGN_STYLE = Automatic;
				CURRENT_PROJECT_VERSION = 1;
				DEVELOPMENT_TEAM = RZZ472J6K5;
				GENERATE_INFOPLIST_FILE = YES;
				IPHONEOS_DEPLOYMENT_TARGET = 18.5;
				MARKETING_VERSION = 1.0;
				PRODUCT_BUNDLE_IDENTIFIER = Ibrahim.Gedami.com.AIClassificationTests;
				PRODUCT_NAME = "$(TARGET_NAME)";
				SWIFT_EMIT_LOC_STRINGS = NO;
				SWIFT_VERSION = 5.0;
				TARGETED_DEVICE_FAMILY = "1,2";
				TEST_HOST = "$(BUILT_PRODUCTS_DIR)/AIClassification.app/$(BUNDLE_EXECUTABLE_FOLDER_PATH)/AIClassification";
			};
			name = Debug;
		};
		2A92459F2E758860007C3B97 /* Release */ = {
			isa = XCBuildConfiguration;
			buildSettings = {
				BUNDLE_LOADER = "$(TEST_HOST)";
				CODE_SIGN_STYLE = Automatic;
				CURRENT_PROJECT_VERSION = 1;
				DEVELOPMENT_TEAM = RZZ472J6K5;
				GENERATE_INFOPLIST_FILE = YES;
				IPHONEOS_DEPLOYMENT_TARGET = 18.5;
				MARKETING_VERSION = 1.0;
				PRODUCT_BUNDLE_IDENTIFIER = Ibrahim.Gedami.com.AIClassificationTests;
				PRODUCT_NAME = "$(TARGET_NAME)";
				SWIFT_EMIT_LOC_STRINGS = NO;
				SWIFT_VERSION = 5.0;
				TARGETED_DEVICE_FAMILY = "1,2";
				TEST_HOST = "$(BUILT_PRODUCTS_DIR)/AIClassification.app/$(BUNDLE_EXECUTABLE_FOLDER_PATH)/AIClassification";
			};
			name = Release;
		};
/* End XCBuildConfiguration section */

/* Begin XCConfigurationList section */
		2A9245742E75885A007C3B97 /* Build configuration list for PBXProject "AIClassification" */ = {
			isa = XCConfigurationList;
			buildConfigurations = (
				2A9245982E758860007C3B97 /* Debug */,
				2A9245992E758860007C3B97 /* Release */,
			);
			defaultConfigurationIsVisible = 0;
			defaultConfigurationName = Release;
		};
		2A92459A2E758860007C3B97 /* Build configuration list for PBXNativeTarget "AIClassification" */ = {
			isa = XCConfigurationList;
			buildConfigurations = (
				2A92459B2E758860007C3B97 /* Debug */,
				2A92459C2E758860007C3B97 /* Release */,
			);
			defaultConfigurationIsVisible = 0;
			defaultConfigurationName = Release;
		};
		2A92459D2E758860007C3B97 /* Build configuration list for PBXNativeTarget "AIClassificationTests" */ = {
			isa = XCConfigurationList;
			buildConfigurations = (
				2A92459E2E758860007C3B97 /* Debug */,
				2A92459F2E758860007C3B97 /* Release */,
			);
			defaultConfigurationIsVisible = 0;
			defaultConfigurationName = Release;
		};
/* End XCConfigurationList section */
	};
	rootObject = 2A9245712E75885A007C3B97 /* Project object */;
}
